
Microsoft Visual Studio Solution File, Format Version 12.00
# Visual Studio 15
VisualStudioVersion = 15.0.26124.0
MinimumVisualStudioVersion = 15.0.26124.0
Project("{2150E333-8FDC-42A3-9474-1A3956D46DE8}") = "src", "src", "{09A4E8C4-2CA9-446F-B1A9-89CD116945AF}"
EndProject
Project("{FAE04EC0-301F-11D3-BF4B-00C04F79EFBC}") = "InterMap", "src\InterMap\InterMap.csproj", "{0B1C1B9B-49B5-4677-A6D8-8E257F153BD8}"
EndProject
Project("{2150E333-8FDC-42A3-9474-1A3956D46DE8}") = "test", "test", "{0F3EE476-3FCB-4317-AA54-A21194C2626B}"
EndProject
Project("{FAE04EC0-301F-11D3-BF4B-00C04F79EFBC}") = "InterMap.Tests", "test\InterMap.Tests\InterMap.Tests.csproj", "{49D692B3-BB60-4B23-BA41-9F13919B59C4}"
EndProject
Global
	GlobalSection(SolutionConfigurationPlatforms) = preSolution
		Debug|Any CPU = Debug|Any CPU
		Debug|x64 = Debug|x64
		Debug|x86 = Debug|x86
		Release|Any CPU = Release|Any CPU
		Release|x64 = Release|x64
		Release|x86 = Release|x86
	EndGlobalSection
	GlobalSection(SolutionProperties) = preSolution
		HideSolutionNode = FALSE
	EndGlobalSection
	GlobalSection(ProjectConfigurationPlatforms) = postSolution
		{0B1C1B9B-49B5-4677-A6D8-8E257F153BD8}.Debug|Any CPU.ActiveCfg = Debug|Any CPU
		{0B1C1B9B-49B5-4677-A6D8-8E257F153BD8}.Debug|Any CPU.Build.0 = Debug|Any CPU
		{0B1C1B9B-49B5-4677-A6D8-8E257F153BD8}.Debug|x64.ActiveCfg = Debug|x64
		{0B1C1B9B-49B5-4677-A6D8-8E257F153BD8}.Debug|x64.Build.0 = Debug|x64
		{0B1C1B9B-49B5-4677-A6D8-8E257F153BD8}.Debug|x86.ActiveCfg = Debug|x86
		{0B1C1B9B-49B5-4677-A6D8-8E257F153BD8}.Debug|x86.Build.0 = Debug|x86
		{0B1C1B9B-49B5-4677-A6D8-8E257F153BD8}.Release|Any CPU.ActiveCfg = Release|Any CPU
		{0B1C1B9B-49B5-4677-A6D8-8E257F153BD8}.Release|Any CPU.Build.0 = Release|Any CPU
		{0B1C1B9B-49B5-4677-A6D8-8E257F153BD8}.Release|x64.ActiveCfg = Release|x64
		{0B1C1B9B-49B5-4677-A6D8-8E257F153BD8}.Release|x64.Build.0 = Release|x64
		{0B1C1B9B-49B5-4677-A6D8-8E257F153BD8}.Release|x86.ActiveCfg = Release|x86
		{0B1C1B9B-49B5-4677-A6D8-8E257F153BD8}.Release|x86.Build.0 = Release|x86
		{49D692B3-BB60-4B23-BA41-9F13919B59C4}.Debug|Any CPU.ActiveCfg = Debug|Any CPU
		{49D692B3-BB60-4B23-BA41-9F13919B59C4}.Debug|Any CPU.Build.0 = Debug|Any CPU
		{49D692B3-BB60-4B23-BA41-9F13919B59C4}.Debug|x64.ActiveCfg = Debug|x64
		{49D692B3-BB60-4B23-BA41-9F13919B59C4}.Debug|x64.Build.0 = Debug|x64
		{49D692B3-BB60-4B23-BA41-9F13919B59C4}.Debug|x86.ActiveCfg = Debug|x86
		{49D692B3-BB60-4B23-BA41-9F13919B59C4}.Debug|x86.Build.0 = Debug|x86
		{49D692B3-BB60-4B23-BA41-9F13919B59C4}.Release|Any CPU.ActiveCfg = Release|Any CPU
		{49D692B3-BB60-4B23-BA41-9F13919B59C4}.Release|Any CPU.Build.0 = Release|Any CPU
		{49D692B3-BB60-4B23-BA41-9F13919B59C4}.Release|x64.ActiveCfg = Release|x64
		{49D692B3-BB60-4B23-BA41-9F13919B59C4}.Release|x64.Build.0 = Release|x64
		{49D692B3-BB60-4B23-BA41-9F13919B59C4}.Release|x86.ActiveCfg = Release|x86
		{49D692B3-BB60-4B23-BA41-9F13919B59C4}.Release|x86.Build.0 = Release|x86
	EndGlobalSection
	GlobalSection(NestedProjects) = preSolution
		{0B1C1B9B-49B5-4677-A6D8-8E257F153BD8} = {09A4E8C4-2CA9-446F-B1A9-89CD116945AF}
		{49D692B3-BB60-4B23-BA41-9F13919B59C4} = {0F3EE476-3FCB-4317-AA54-A21194C2626B}
	EndGlobalSection
EndGlobal
